
Microsoft Visual Studio Solution File, Format Version 12.00
# Visual Studio Version 17
VisualStudioVersion = 17.3.32825.248
MinimumVisualStudioVersion = 10.0.40219.1
Project("{9A19103F-16F7-4668-BE54-9A1E7A4F7556}") = "zad1", "zad1\zad1.csproj", "{3B0A062E-77B5-45D5-9F86-AB8819B58C04}"
EndProject
Project("{9A19103F-16F7-4668-BE54-9A1E7A4F7556}") = "ClassLibrary", "ClassLibrary\ClassLibrary.csproj", "{3F2B407E-D334-410B-9567-6331D3A17F56}"
EndProject
Project("{FAE04EC0-301F-11D3-BF4B-00C04F79EFBC}") = "zad2", "zad2\zad2.csproj", "{5399FCA3-07A6-43BB-BBAF-1366FD240665}"
EndProject
Global
	GlobalSection(SolutionConfigurationPlatforms) = preSolution
		Debug|Any CPU = Debug|Any CPU
		Release|Any CPU = Release|Any CPU
	EndGlobalSection
	GlobalSection(ProjectConfigurationPlatforms) = postSolution
		{3B0A062E-77B5-45D5-9F86-AB8819B58C04}.Debug|Any CPU.ActiveCfg = Debug|Any CPU
		{3B0A062E-77B5-45D5-9F86-AB8819B58C04}.Debug|Any CPU.Build.0 = Debug|Any CPU
		{3B0A062E-77B5-45D5-9F86-AB8819B58C04}.Release|Any CPU.ActiveCfg = Release|Any CPU
		{3B0A062E-77B5-45D5-9F86-AB8819B58C04}.Release|Any CPU.Build.0 = Release|Any CPU
		{3F2B407E-D334-410B-9567-6331D3A17F56}.Debug|Any CPU.ActiveCfg = Debug|Any CPU
		{3F2B407E-D334-410B-9567-6331D3A17F56}.Debug|Any CPU.Build.0 = Debug|Any CPU
		{3F2B407E-D334-410B-9567-6331D3A17F56}.Release|Any CPU.ActiveCfg = Release|Any CPU
		{3F2B407E-D334-410B-9567-6331D3A17F56}.Release|Any CPU.Build.0 = Release|Any CPU
		{5399FCA3-07A6-43BB-BBAF-1366FD240665}.Debug|Any CPU.ActiveCfg = Debug|Any CPU
		{5399FCA3-07A6-43BB-BBAF-1366FD240665}.Debug|Any CPU.Build.0 = Debug|Any CPU
		{5399FCA3-07A6-43BB-BBAF-1366FD240665}.Release|Any CPU.ActiveCfg = Release|Any CPU
		{5399FCA3-07A6-43BB-BBAF-1366FD240665}.Release|Any CPU.Build.0 = Release|Any CPU
	EndGlobalSection
	GlobalSection(SolutionProperties) = preSolution
		HideSolutionNode = FALSE
	EndGlobalSection
	GlobalSection(ExtensibilityGlobals) = postSolution
		SolutionGuid = {27F6B6D1-4EB4-402F-82F5-5806A7C4A048}
	EndGlobalSection
EndGlobal
