
Microsoft Visual Studio Solution File, Format Version 12.00
# Visual Studio Version 17
VisualStudioVersion = 17.3.32825.248
MinimumVisualStudioVersion = 10.0.40219.1
Project("{FAE04EC0-301F-11D3-BF4B-00C04F79EFBC}") = "zad1", "zad1\zad1.csproj", "{6BB6751A-7C5C-474B-A840-4744F6F5C76E}"
EndProject
Project("{FAE04EC0-301F-11D3-BF4B-00C04F79EFBC}") = "zad2", "zad2\zad2.csproj", "{194D1EA6-F3EB-4159-865B-7C27547F0EDF}"
EndProject
Project("{FAE04EC0-301F-11D3-BF4B-00C04F79EFBC}") = "zad3", "zad3\zad3.csproj", "{219F8006-BF12-4113-988A-D812F2BCFB66}"
EndProject
Global
	GlobalSection(SolutionConfigurationPlatforms) = preSolution
		Debug|Any CPU = Debug|Any CPU
		Release|Any CPU = Release|Any CPU
	EndGlobalSection
	GlobalSection(ProjectConfigurationPlatforms) = postSolution
		{6BB6751A-7C5C-474B-A840-4744F6F5C76E}.Debug|Any CPU.ActiveCfg = Debug|Any CPU
		{6BB6751A-7C5C-474B-A840-4744F6F5C76E}.Debug|Any CPU.Build.0 = Debug|Any CPU
		{6BB6751A-7C5C-474B-A840-4744F6F5C76E}.Release|Any CPU.ActiveCfg = Release|Any CPU
		{6BB6751A-7C5C-474B-A840-4744F6F5C76E}.Release|Any CPU.Build.0 = Release|Any CPU
		{194D1EA6-F3EB-4159-865B-7C27547F0EDF}.Debug|Any CPU.ActiveCfg = Debug|Any CPU
		{194D1EA6-F3EB-4159-865B-7C27547F0EDF}.Debug|Any CPU.Build.0 = Debug|Any CPU
		{194D1EA6-F3EB-4159-865B-7C27547F0EDF}.Release|Any CPU.ActiveCfg = Release|Any CPU
		{194D1EA6-F3EB-4159-865B-7C27547F0EDF}.Release|Any CPU.Build.0 = Release|Any CPU
		{219F8006-BF12-4113-988A-D812F2BCFB66}.Debug|Any CPU.ActiveCfg = Debug|Any CPU
		{219F8006-BF12-4113-988A-D812F2BCFB66}.Debug|Any CPU.Build.0 = Debug|Any CPU
		{219F8006-BF12-4113-988A-D812F2BCFB66}.Release|Any CPU.ActiveCfg = Release|Any CPU
		{219F8006-BF12-4113-988A-D812F2BCFB66}.Release|Any CPU.Build.0 = Release|Any CPU
	EndGlobalSection
	GlobalSection(SolutionProperties) = preSolution
		HideSolutionNode = FALSE
	EndGlobalSection
	GlobalSection(ExtensibilityGlobals) = postSolution
		SolutionGuid = {06F76AB9-ACD6-4CB2-97C2-FBF296FCDD84}
	EndGlobalSection
EndGlobal
