
Microsoft Visual Studio Solution File, Format Version 12.00
# Visual Studio Version 17
VisualStudioVersion = 17.3.32825.248
MinimumVisualStudioVersion = 10.0.40219.1
Project("{9A19103F-16F7-4668-BE54-9A1E7A4F7556}") = "zad1", "zad1\zad1.csproj", "{61E70F8B-6DD6-44A8-B39A-31EF24754EE3}"
EndProject
Project("{FAE04EC0-301F-11D3-BF4B-00C04F79EFBC}") = "zad2", "zad2\zad2.csproj", "{65CC8575-8965-4162-AAD7-34CDEBF8F9E5}"
EndProject
Global
	GlobalSection(SolutionConfigurationPlatforms) = preSolution
		Debug|Any CPU = Debug|Any CPU
		Release|Any CPU = Release|Any CPU
	EndGlobalSection
	GlobalSection(ProjectConfigurationPlatforms) = postSolution
		{61E70F8B-6DD6-44A8-B39A-31EF24754EE3}.Debug|Any CPU.ActiveCfg = Debug|Any CPU
		{61E70F8B-6DD6-44A8-B39A-31EF24754EE3}.Debug|Any CPU.Build.0 = Debug|Any CPU
		{61E70F8B-6DD6-44A8-B39A-31EF24754EE3}.Release|Any CPU.ActiveCfg = Release|Any CPU
		{61E70F8B-6DD6-44A8-B39A-31EF24754EE3}.Release|Any CPU.Build.0 = Release|Any CPU
		{65CC8575-8965-4162-AAD7-34CDEBF8F9E5}.Debug|Any CPU.ActiveCfg = Debug|Any CPU
		{65CC8575-8965-4162-AAD7-34CDEBF8F9E5}.Debug|Any CPU.Build.0 = Debug|Any CPU
		{65CC8575-8965-4162-AAD7-34CDEBF8F9E5}.Release|Any CPU.ActiveCfg = Release|Any CPU
		{65CC8575-8965-4162-AAD7-34CDEBF8F9E5}.Release|Any CPU.Build.0 = Release|Any CPU
	EndGlobalSection
	GlobalSection(SolutionProperties) = preSolution
		HideSolutionNode = FALSE
	EndGlobalSection
	GlobalSection(ExtensibilityGlobals) = postSolution
		SolutionGuid = {452D2681-1F2E-432C-BD0E-9425E6EF1DDE}
	EndGlobalSection
EndGlobal
