
Microsoft Visual Studio Solution File, Format Version 12.00
# Visual Studio Version 17
VisualStudioVersion = 17.3.32825.248
MinimumVisualStudioVersion = 10.0.40219.1
Project("{FAE04EC0-301F-11D3-BF4B-00C04F79EFBC}") = "zad1", "zad1\zad1.csproj", "{414EECD7-8188-4C43-9ED3-EE7317855F90}"
EndProject
Project("{FAE04EC0-301F-11D3-BF4B-00C04F79EFBC}") = "zad3", "zad3\zad3.csproj", "{F38B9CC4-E14F-4B59-AE80-5EBFD4FF3BDB}"
EndProject
Global
	GlobalSection(SolutionConfigurationPlatforms) = preSolution
		Debug|Any CPU = Debug|Any CPU
		Release|Any CPU = Release|Any CPU
	EndGlobalSection
	GlobalSection(ProjectConfigurationPlatforms) = postSolution
		{414EECD7-8188-4C43-9ED3-EE7317855F90}.Debug|Any CPU.ActiveCfg = Debug|Any CPU
		{414EECD7-8188-4C43-9ED3-EE7317855F90}.Debug|Any CPU.Build.0 = Debug|Any CPU
		{414EECD7-8188-4C43-9ED3-EE7317855F90}.Release|Any CPU.ActiveCfg = Release|Any CPU
		{414EECD7-8188-4C43-9ED3-EE7317855F90}.Release|Any CPU.Build.0 = Release|Any CPU
		{F38B9CC4-E14F-4B59-AE80-5EBFD4FF3BDB}.Debug|Any CPU.ActiveCfg = Debug|Any CPU
		{F38B9CC4-E14F-4B59-AE80-5EBFD4FF3BDB}.Debug|Any CPU.Build.0 = Debug|Any CPU
		{F38B9CC4-E14F-4B59-AE80-5EBFD4FF3BDB}.Release|Any CPU.ActiveCfg = Release|Any CPU
		{F38B9CC4-E14F-4B59-AE80-5EBFD4FF3BDB}.Release|Any CPU.Build.0 = Release|Any CPU
	EndGlobalSection
	GlobalSection(SolutionProperties) = preSolution
		HideSolutionNode = FALSE
	EndGlobalSection
	GlobalSection(ExtensibilityGlobals) = postSolution
		SolutionGuid = {C1604E2F-0E17-4AF7-8DB1-28443CE25D59}
	EndGlobalSection
EndGlobal
