
Microsoft Visual Studio Solution File, Format Version 12.00
# Visual Studio Version 17
VisualStudioVersion = 17.3.32825.248
MinimumVisualStudioVersion = 10.0.40219.1
Project("{9A19103F-16F7-4668-BE54-9A1E7A4F7556}") = "zad1", "zad1\zad1.csproj", "{2C800259-555B-4971-845D-6B62E74FC41B}"
EndProject
Project("{FAE04EC0-301F-11D3-BF4B-00C04F79EFBC}") = "zad2", "zad2\zad2.csproj", "{2F17CC81-BBB8-4186-A2FD-A94AB762CD1F}"
EndProject
Project("{FAE04EC0-301F-11D3-BF4B-00C04F79EFBC}") = "zad3", "zad3\zad3.csproj", "{7F6F8F45-263C-4373-B9BC-02DEC2957FF6}"
EndProject
Project("{FAE04EC0-301F-11D3-BF4B-00C04F79EFBC}") = "zad4", "zad4\zad4.csproj", "{F95A0F4D-5F18-4FAC-A729-C6A00F994038}"
EndProject
Project("{FAE04EC0-301F-11D3-BF4B-00C04F79EFBC}") = "zad5", "zad5\zad5.csproj", "{9EFF3604-3990-43F8-B6F6-E8C096AE2476}"
EndProject
Global
	GlobalSection(SolutionConfigurationPlatforms) = preSolution
		Debug|Any CPU = Debug|Any CPU
		Release|Any CPU = Release|Any CPU
	EndGlobalSection
	GlobalSection(ProjectConfigurationPlatforms) = postSolution
		{2C800259-555B-4971-845D-6B62E74FC41B}.Debug|Any CPU.ActiveCfg = Debug|Any CPU
		{2C800259-555B-4971-845D-6B62E74FC41B}.Debug|Any CPU.Build.0 = Debug|Any CPU
		{2C800259-555B-4971-845D-6B62E74FC41B}.Release|Any CPU.ActiveCfg = Release|Any CPU
		{2C800259-555B-4971-845D-6B62E74FC41B}.Release|Any CPU.Build.0 = Release|Any CPU
		{2F17CC81-BBB8-4186-A2FD-A94AB762CD1F}.Debug|Any CPU.ActiveCfg = Debug|Any CPU
		{2F17CC81-BBB8-4186-A2FD-A94AB762CD1F}.Debug|Any CPU.Build.0 = Debug|Any CPU
		{2F17CC81-BBB8-4186-A2FD-A94AB762CD1F}.Release|Any CPU.ActiveCfg = Release|Any CPU
		{2F17CC81-BBB8-4186-A2FD-A94AB762CD1F}.Release|Any CPU.Build.0 = Release|Any CPU
		{7F6F8F45-263C-4373-B9BC-02DEC2957FF6}.Debug|Any CPU.ActiveCfg = Debug|Any CPU
		{7F6F8F45-263C-4373-B9BC-02DEC2957FF6}.Debug|Any CPU.Build.0 = Debug|Any CPU
		{7F6F8F45-263C-4373-B9BC-02DEC2957FF6}.Release|Any CPU.ActiveCfg = Release|Any CPU
		{7F6F8F45-263C-4373-B9BC-02DEC2957FF6}.Release|Any CPU.Build.0 = Release|Any CPU
		{F95A0F4D-5F18-4FAC-A729-C6A00F994038}.Debug|Any CPU.ActiveCfg = Debug|Any CPU
		{F95A0F4D-5F18-4FAC-A729-C6A00F994038}.Debug|Any CPU.Build.0 = Debug|Any CPU
		{F95A0F4D-5F18-4FAC-A729-C6A00F994038}.Release|Any CPU.ActiveCfg = Release|Any CPU
		{F95A0F4D-5F18-4FAC-A729-C6A00F994038}.Release|Any CPU.Build.0 = Release|Any CPU
		{9EFF3604-3990-43F8-B6F6-E8C096AE2476}.Debug|Any CPU.ActiveCfg = Debug|Any CPU
		{9EFF3604-3990-43F8-B6F6-E8C096AE2476}.Debug|Any CPU.Build.0 = Debug|Any CPU
		{9EFF3604-3990-43F8-B6F6-E8C096AE2476}.Release|Any CPU.ActiveCfg = Release|Any CPU
		{9EFF3604-3990-43F8-B6F6-E8C096AE2476}.Release|Any CPU.Build.0 = Release|Any CPU
	EndGlobalSection
	GlobalSection(SolutionProperties) = preSolution
		HideSolutionNode = FALSE
	EndGlobalSection
	GlobalSection(ExtensibilityGlobals) = postSolution
		SolutionGuid = {881ED7BF-2139-4E15-8194-D0C462921D30}
	EndGlobalSection
EndGlobal
